
Microsoft Visual Studio Solution File, Format Version 12.00
# Visual Studio Version 17
VisualStudioVersion = 17.3.32825.248
MinimumVisualStudioVersion = 10.0.40219.1
Project("{FAE04EC0-301F-11D3-BF4B-00C04F79EFBC}") = "ODataCosmosTest", "ODataCosmosTest\ODataCosmosTest.csproj", "{99AB871A-730C-49A1-9D56-965ED6E09DBA}"
EndProject
Global
	GlobalSection(SolutionConfigurationPlatforms) = preSolution
		Debug|Any CPU = Debug|Any CPU
		Release|Any CPU = Release|Any CPU
	EndGlobalSection
	GlobalSection(ProjectConfigurationPlatforms) = postSolution
		{99AB871A-730C-49A1-9D56-965ED6E09DBA}.Debug|Any CPU.ActiveCfg = Debug|Any CPU
		{99AB871A-730C-49A1-9D56-965ED6E09DBA}.Debug|Any CPU.Build.0 = Debug|Any CPU
		{99AB871A-730C-49A1-9D56-965ED6E09DBA}.Release|Any CPU.ActiveCfg = Release|Any CPU
		{99AB871A-730C-49A1-9D56-965ED6E09DBA}.Release|Any CPU.Build.0 = Release|Any CPU
	EndGlobalSection
	GlobalSection(SolutionProperties) = preSolution
		HideSolutionNode = FALSE
	EndGlobalSection
	GlobalSection(ExtensibilityGlobals) = postSolution
		SolutionGuid = {74BBB6FA-CDF7-403A-9B7B-740D348AC584}
	EndGlobalSection
EndGlobal
